
Microsoft Visual Studio Solution File, Format Version 11.00
# Visual Studio 2010
Project("{FAE04EC0-301F-11D3-BF4B-00C04F79EFBC}") = "HelloWorld", "Examples\HelloWorld\HelloWorld.csproj", "{19896345-9D1B-4F08-B1A1-8C84E7C5F61B}"
EndProject
Project("{2150E333-8FDC-42A3-9474-1A3956D46DE8}") = "Dependencies", "Dependencies", "{C44ABE5A-DEBF-4E29-9D28-3FF63D69B060}"
EndProject
Project("{FAE04EC0-301F-11D3-BF4B-00C04F79EFBC}") = "JSIL.Dom", "JSIL.Dom\JSIL.Dom.csproj", "{466EBF53-8EC1-4B8D-9AF4-061D9BFCA156}"
EndProject
Project("{FAE04EC0-301F-11D3-BF4B-00C04F79EFBC}") = "JSIL.Ui", "JSIL.Ui\JSIL.Ui.csproj", "{A74735CF-E7CD-4F5F-9BF8-47B62B277DC5}"
EndProject
Project("{FAE04EC0-301F-11D3-BF4B-00C04F79EFBC}") = "JSIL.WebGL", "JSIL.WebGL\JSIL.WebGL.csproj", "{7C6AC029-9773-49A7-9150-68B3E8AE0F42}"
EndProject
Project("{2150E333-8FDC-42A3-9474-1A3956D46DE8}") = "Libraries", "Libraries", "{1F926AA5-CC66-4CA3-BA62-31C62E162652}"
EndProject
Project("{FAE04EC0-301F-11D3-BF4B-00C04F79EFBC}") = "Compiler", "Dependencies\JSIL\Compiler\Compiler.csproj", "{C7BF4561-20DD-4E49-8B5A-4E8AF032C47A}"
EndProject
Project("{FAE04EC0-301F-11D3-BF4B-00C04F79EFBC}") = "JSIL", "Dependencies\JSIL\JSIL\JSIL.csproj", "{DA03D241-B70C-44D7-A465-3CEB5A9416AE}"
EndProject
Project("{FAE04EC0-301F-11D3-BF4B-00C04F79EFBC}") = "Meta", "Dependencies\JSIL\Meta\Meta.csproj", "{37C67C73-1F58-49B8-A39E-768AC88C2447}"
EndProject
Project("{FAE04EC0-301F-11D3-BF4B-00C04F79EFBC}") = "Proxies", "Dependencies\JSIL\Proxies\Proxies.csproj", "{12DBCC9A-50FE-43B1-BAD1-8029D4AD60C8}"
EndProject
Project("{FAE04EC0-301F-11D3-BF4B-00C04F79EFBC}") = "HelloCanvas", "Examples\HelloCanvas\HelloCanvas.csproj", "{7F943552-0353-4A5E-A1D1-84A0DFAF52DE}"
EndProject
Global
	GlobalSection(SolutionConfigurationPlatforms) = preSolution
		Debug|Any CPU = Debug|Any CPU
		Debug|x86 = Debug|x86
		Release|Any CPU = Release|Any CPU
		Release|x86 = Release|x86
	EndGlobalSection
	GlobalSection(ProjectConfigurationPlatforms) = postSolution
		{19896345-9D1B-4F08-B1A1-8C84E7C5F61B}.Debug|Any CPU.ActiveCfg = Debug|Any CPU
		{19896345-9D1B-4F08-B1A1-8C84E7C5F61B}.Debug|Any CPU.Build.0 = Debug|Any CPU
		{19896345-9D1B-4F08-B1A1-8C84E7C5F61B}.Debug|x86.ActiveCfg = Debug|Any CPU
		{19896345-9D1B-4F08-B1A1-8C84E7C5F61B}.Release|Any CPU.ActiveCfg = Release|Any CPU
		{19896345-9D1B-4F08-B1A1-8C84E7C5F61B}.Release|Any CPU.Build.0 = Release|Any CPU
		{19896345-9D1B-4F08-B1A1-8C84E7C5F61B}.Release|x86.ActiveCfg = Release|Any CPU
		{466EBF53-8EC1-4B8D-9AF4-061D9BFCA156}.Debug|Any CPU.ActiveCfg = Debug|Any CPU
		{466EBF53-8EC1-4B8D-9AF4-061D9BFCA156}.Debug|Any CPU.Build.0 = Debug|Any CPU
		{466EBF53-8EC1-4B8D-9AF4-061D9BFCA156}.Debug|x86.ActiveCfg = Debug|Any CPU
		{466EBF53-8EC1-4B8D-9AF4-061D9BFCA156}.Release|Any CPU.ActiveCfg = Release|Any CPU
		{466EBF53-8EC1-4B8D-9AF4-061D9BFCA156}.Release|Any CPU.Build.0 = Release|Any CPU
		{466EBF53-8EC1-4B8D-9AF4-061D9BFCA156}.Release|x86.ActiveCfg = Release|Any CPU
		{A74735CF-E7CD-4F5F-9BF8-47B62B277DC5}.Debug|Any CPU.ActiveCfg = Debug|Any CPU
		{A74735CF-E7CD-4F5F-9BF8-47B62B277DC5}.Debug|Any CPU.Build.0 = Debug|Any CPU
		{A74735CF-E7CD-4F5F-9BF8-47B62B277DC5}.Debug|x86.ActiveCfg = Debug|Any CPU
		{A74735CF-E7CD-4F5F-9BF8-47B62B277DC5}.Release|Any CPU.ActiveCfg = Release|Any CPU
		{A74735CF-E7CD-4F5F-9BF8-47B62B277DC5}.Release|Any CPU.Build.0 = Release|Any CPU
		{A74735CF-E7CD-4F5F-9BF8-47B62B277DC5}.Release|x86.ActiveCfg = Release|Any CPU
		{7C6AC029-9773-49A7-9150-68B3E8AE0F42}.Debug|Any CPU.ActiveCfg = Debug|Any CPU
		{7C6AC029-9773-49A7-9150-68B3E8AE0F42}.Debug|Any CPU.Build.0 = Debug|Any CPU
		{7C6AC029-9773-49A7-9150-68B3E8AE0F42}.Debug|x86.ActiveCfg = Debug|Any CPU
		{7C6AC029-9773-49A7-9150-68B3E8AE0F42}.Release|Any CPU.ActiveCfg = Release|Any CPU
		{7C6AC029-9773-49A7-9150-68B3E8AE0F42}.Release|Any CPU.Build.0 = Release|Any CPU
		{7C6AC029-9773-49A7-9150-68B3E8AE0F42}.Release|x86.ActiveCfg = Release|Any CPU
		{C7BF4561-20DD-4E49-8B5A-4E8AF032C47A}.Debug|Any CPU.ActiveCfg = Debug|Any CPU
		{C7BF4561-20DD-4E49-8B5A-4E8AF032C47A}.Debug|Any CPU.Build.0 = Debug|Any CPU
		{C7BF4561-20DD-4E49-8B5A-4E8AF032C47A}.Debug|x86.ActiveCfg = Debug|x86
		{C7BF4561-20DD-4E49-8B5A-4E8AF032C47A}.Debug|x86.Build.0 = Debug|x86
		{C7BF4561-20DD-4E49-8B5A-4E8AF032C47A}.Release|Any CPU.ActiveCfg = Release|Any CPU
		{C7BF4561-20DD-4E49-8B5A-4E8AF032C47A}.Release|Any CPU.Build.0 = Release|Any CPU
		{C7BF4561-20DD-4E49-8B5A-4E8AF032C47A}.Release|x86.ActiveCfg = Release|x86
		{C7BF4561-20DD-4E49-8B5A-4E8AF032C47A}.Release|x86.Build.0 = Release|x86
		{DA03D241-B70C-44D7-A465-3CEB5A9416AE}.Debug|Any CPU.ActiveCfg = Debug|Any CPU
		{DA03D241-B70C-44D7-A465-3CEB5A9416AE}.Debug|Any CPU.Build.0 = Debug|Any CPU
		{DA03D241-B70C-44D7-A465-3CEB5A9416AE}.Debug|x86.ActiveCfg = Debug|x86
		{DA03D241-B70C-44D7-A465-3CEB5A9416AE}.Debug|x86.Build.0 = Debug|x86
		{DA03D241-B70C-44D7-A465-3CEB5A9416AE}.Release|Any CPU.ActiveCfg = Release|Any CPU
		{DA03D241-B70C-44D7-A465-3CEB5A9416AE}.Release|Any CPU.Build.0 = Release|Any CPU
		{DA03D241-B70C-44D7-A465-3CEB5A9416AE}.Release|x86.ActiveCfg = Release|x86
		{DA03D241-B70C-44D7-A465-3CEB5A9416AE}.Release|x86.Build.0 = Release|x86
		{37C67C73-1F58-49B8-A39E-768AC88C2447}.Debug|Any CPU.ActiveCfg = Debug|Any CPU
		{37C67C73-1F58-49B8-A39E-768AC88C2447}.Debug|Any CPU.Build.0 = Debug|Any CPU
		{37C67C73-1F58-49B8-A39E-768AC88C2447}.Debug|x86.ActiveCfg = Debug|Any CPU
		{37C67C73-1F58-49B8-A39E-768AC88C2447}.Release|Any CPU.ActiveCfg = Release|Any CPU
		{37C67C73-1F58-49B8-A39E-768AC88C2447}.Release|Any CPU.Build.0 = Release|Any CPU
		{37C67C73-1F58-49B8-A39E-768AC88C2447}.Release|x86.ActiveCfg = Release|Any CPU
		{12DBCC9A-50FE-43B1-BAD1-8029D4AD60C8}.Debug|Any CPU.ActiveCfg = Debug|Any CPU
		{12DBCC9A-50FE-43B1-BAD1-8029D4AD60C8}.Debug|Any CPU.Build.0 = Debug|Any CPU
		{12DBCC9A-50FE-43B1-BAD1-8029D4AD60C8}.Debug|x86.ActiveCfg = Debug|Any CPU
		{12DBCC9A-50FE-43B1-BAD1-8029D4AD60C8}.Release|Any CPU.ActiveCfg = Release|Any CPU
		{12DBCC9A-50FE-43B1-BAD1-8029D4AD60C8}.Release|Any CPU.Build.0 = Release|Any CPU
		{12DBCC9A-50FE-43B1-BAD1-8029D4AD60C8}.Release|x86.ActiveCfg = Release|Any CPU
		{7F943552-0353-4A5E-A1D1-84A0DFAF52DE}.Debug|Any CPU.ActiveCfg = Debug|Any CPU
		{7F943552-0353-4A5E-A1D1-84A0DFAF52DE}.Debug|Any CPU.Build.0 = Debug|Any CPU
		{7F943552-0353-4A5E-A1D1-84A0DFAF52DE}.Debug|x86.ActiveCfg = Debug|Any CPU
		{7F943552-0353-4A5E-A1D1-84A0DFAF52DE}.Release|Any CPU.ActiveCfg = Release|Any CPU
		{7F943552-0353-4A5E-A1D1-84A0DFAF52DE}.Release|Any CPU.Build.0 = Release|Any CPU
		{7F943552-0353-4A5E-A1D1-84A0DFAF52DE}.Release|x86.ActiveCfg = Release|Any CPU
	EndGlobalSection
	GlobalSection(SolutionProperties) = preSolution
		HideSolutionNode = FALSE
	EndGlobalSection
	GlobalSection(NestedProjects) = preSolution
		{C7BF4561-20DD-4E49-8B5A-4E8AF032C47A} = {C44ABE5A-DEBF-4E29-9D28-3FF63D69B060}
		{DA03D241-B70C-44D7-A465-3CEB5A9416AE} = {C44ABE5A-DEBF-4E29-9D28-3FF63D69B060}
		{37C67C73-1F58-49B8-A39E-768AC88C2447} = {C44ABE5A-DEBF-4E29-9D28-3FF63D69B060}
		{12DBCC9A-50FE-43B1-BAD1-8029D4AD60C8} = {C44ABE5A-DEBF-4E29-9D28-3FF63D69B060}
		{A74735CF-E7CD-4F5F-9BF8-47B62B277DC5} = {1F926AA5-CC66-4CA3-BA62-31C62E162652}
		{7C6AC029-9773-49A7-9150-68B3E8AE0F42} = {1F926AA5-CC66-4CA3-BA62-31C62E162652}
		{466EBF53-8EC1-4B8D-9AF4-061D9BFCA156} = {1F926AA5-CC66-4CA3-BA62-31C62E162652}
	EndGlobalSection
EndGlobal
